
Microsoft Visual Studio Solution File, Format Version 12.00
# Visual Studio 14
VisualStudioVersion = 14.0.23107.0
MinimumVisualStudioVersion = 10.0.40219.1
Project("{FAE04EC0-301F-11D3-BF4B-00C04F79EFBC}") = "OAuth", "OAuth\OAuth.csproj", "{A26EE271-933D-48FD-BAD1-57795718F4C8}"
EndProject
Project("{FAE04EC0-301F-11D3-BF4B-00C04F79EFBC}") = "OAuth.Data", "OAuth.Data\OAuth.Data.csproj", "{C2890A9B-DFDA-4C64-AE45-81C77835986F}"
EndProject
Project("{FAE04EC0-301F-11D3-BF4B-00C04F79EFBC}") = "OAuth.AspNetIdentity.Dapper", "OAuth.AspNetIdentity.Dapper\OAuth.AspNetIdentity.Dapper.csproj", "{86677125-C86F-4D64-8A29-1D209A264FDF}"
EndProject
Project("{FAE04EC0-301F-11D3-BF4B-00C04F79EFBC}") = "OAuth.Repository", "OAuth.Repository\OAuth.Repository.csproj", "{8E09F095-DED7-498B-B38F-66F37A50D523}"
EndProject
Global
	GlobalSection(SolutionConfigurationPlatforms) = preSolution
		Debug|Any CPU = Debug|Any CPU
		Release|Any CPU = Release|Any CPU
	EndGlobalSection
	GlobalSection(ProjectConfigurationPlatforms) = postSolution
		{A26EE271-933D-48FD-BAD1-57795718F4C8}.Debug|Any CPU.ActiveCfg = Debug|Any CPU
		{A26EE271-933D-48FD-BAD1-57795718F4C8}.Debug|Any CPU.Build.0 = Debug|Any CPU
		{A26EE271-933D-48FD-BAD1-57795718F4C8}.Release|Any CPU.ActiveCfg = Release|Any CPU
		{A26EE271-933D-48FD-BAD1-57795718F4C8}.Release|Any CPU.Build.0 = Release|Any CPU
		{C2890A9B-DFDA-4C64-AE45-81C77835986F}.Debug|Any CPU.ActiveCfg = Debug|Any CPU
		{C2890A9B-DFDA-4C64-AE45-81C77835986F}.Debug|Any CPU.Build.0 = Debug|Any CPU
		{C2890A9B-DFDA-4C64-AE45-81C77835986F}.Release|Any CPU.ActiveCfg = Release|Any CPU
		{C2890A9B-DFDA-4C64-AE45-81C77835986F}.Release|Any CPU.Build.0 = Release|Any CPU
		{86677125-C86F-4D64-8A29-1D209A264FDF}.Debug|Any CPU.ActiveCfg = Debug|Any CPU
		{86677125-C86F-4D64-8A29-1D209A264FDF}.Debug|Any CPU.Build.0 = Debug|Any CPU
		{86677125-C86F-4D64-8A29-1D209A264FDF}.Release|Any CPU.ActiveCfg = Release|Any CPU
		{86677125-C86F-4D64-8A29-1D209A264FDF}.Release|Any CPU.Build.0 = Release|Any CPU
		{8E09F095-DED7-498B-B38F-66F37A50D523}.Debug|Any CPU.ActiveCfg = Debug|Any CPU
		{8E09F095-DED7-498B-B38F-66F37A50D523}.Debug|Any CPU.Build.0 = Debug|Any CPU
		{8E09F095-DED7-498B-B38F-66F37A50D523}.Release|Any CPU.ActiveCfg = Release|Any CPU
		{8E09F095-DED7-498B-B38F-66F37A50D523}.Release|Any CPU.Build.0 = Release|Any CPU
	EndGlobalSection
	GlobalSection(SolutionProperties) = preSolution
		HideSolutionNode = FALSE
	EndGlobalSection
EndGlobal
